
Microsoft Visual Studio Solution File, Format Version 12.00
# Visual Studio 2012
Project("{8BC9CEB8-8B4A-11D0-8D11-00A0C91BC942}") = "cpp_battle_Ship_v2", "cpp_battle_Ship_v2\cpp_battle_Ship_v2.vcxproj", "{DEFB9D0C-BC60-415F-A710-D3494767ACF1}"
EndProject
Global
	GlobalSection(SolutionConfigurationPlatforms) = preSolution
		Debug|Win32 = Debug|Win32
		Release|Win32 = Release|Win32
	EndGlobalSection
	GlobalSection(ProjectConfigurationPlatforms) = postSolution
		{DEFB9D0C-BC60-415F-A710-D3494767ACF1}.Debug|Win32.ActiveCfg = Debug|Win32
		{DEFB9D0C-BC60-415F-A710-D3494767ACF1}.Debug|Win32.Build.0 = Debug|Win32
		{DEFB9D0C-BC60-415F-A710-D3494767ACF1}.Release|Win32.ActiveCfg = Release|Win32
		{DEFB9D0C-BC60-415F-A710-D3494767ACF1}.Release|Win32.Build.0 = Release|Win32
	EndGlobalSection
	GlobalSection(SolutionProperties) = preSolution
		HideSolutionNode = FALSE
	EndGlobalSection
EndGlobal
